
Microsoft Visual Studio Solution File, Format Version 12.00
# Visual Studio Version 17
VisualStudioVersion = 17.2.32616.157
MinimumVisualStudioVersion = 10.0.40219.1
Project("{FAE04EC0-301F-11D3-BF4B-00C04F79EFBC}") = "Arrays1", "Arrays1\Arrays1.csproj", "{93D0AF1D-D5C4-4BA4-BDC8-57BE0601DD7D}"
EndProject
Global
	GlobalSection(SolutionConfigurationPlatforms) = preSolution
		Debug|Any CPU = Debug|Any CPU
		Release|Any CPU = Release|Any CPU
	EndGlobalSection
	GlobalSection(ProjectConfigurationPlatforms) = postSolution
		{93D0AF1D-D5C4-4BA4-BDC8-57BE0601DD7D}.Debug|Any CPU.ActiveCfg = Debug|Any CPU
		{93D0AF1D-D5C4-4BA4-BDC8-57BE0601DD7D}.Debug|Any CPU.Build.0 = Debug|Any CPU
		{93D0AF1D-D5C4-4BA4-BDC8-57BE0601DD7D}.Release|Any CPU.ActiveCfg = Release|Any CPU
		{93D0AF1D-D5C4-4BA4-BDC8-57BE0601DD7D}.Release|Any CPU.Build.0 = Release|Any CPU
	EndGlobalSection
	GlobalSection(SolutionProperties) = preSolution
		HideSolutionNode = FALSE
	EndGlobalSection
	GlobalSection(ExtensibilityGlobals) = postSolution
		SolutionGuid = {1C49D792-7CB5-480A-9326-09A8015C65A5}
	EndGlobalSection
EndGlobal
